
Microsoft Visual Studio Solution File, Format Version 12.00
# Visual Studio Version 17
VisualStudioVersion = 17.5.33530.505
MinimumVisualStudioVersion = 10.0.40219.1
Project("{8BC9CEB8-8B4A-11D0-8D11-00A0C91BC942}") = "01_Helloworld", "ConsoleApplication1\ConsoleApplication1.vcxproj", "{7CF03D24-F1B7-4FA5-BC86-DC2AE7CAE811}"
EndProject
Project("{8BC9CEB8-8B4A-11D0-8D11-00A0C91BC942}") = "02_variable", "02_variable\02_variable.vcxproj", "{B84C7FE2-9310-4667-9EDC-A2B06EC5360D}"
EndProject
Project("{2150E333-8FDC-42A3-9474-1A3956D46DE8}") = "Homework", "Homework", "{4B6BDE16-9A00-41AB-82E1-D6A6798E51D7}"
	ProjectSection(SolutionItems) = preProject
		API목록.txt = API목록.txt
		개인질문.txt = 개인질문.txt
		공부할거.txt = 공부할거.txt
		필기 백업.txt = 필기 백업.txt
	EndProjectSection
EndProject
Project("{8BC9CEB8-8B4A-11D0-8D11-00A0C91BC942}") = "homeworkpad", "level0(0503)\level0(0503).vcxproj", "{922B2414-B132-4A16-8441-C955BEBB5AD6}"
EndProject
Project("{8BC9CEB8-8B4A-11D0-8D11-00A0C91BC942}") = "03_condition", "03_condition\03_condition.vcxproj", "{F4D711EE-5704-4D8D-9ECF-4077A96FDE70}"
EndProject
Project("{8BC9CEB8-8B4A-11D0-8D11-00A0C91BC942}") = "04_loop(for)", "04_loop(for)\04_loop(for).vcxproj", "{C22D0076-4AF2-4FF3-A1CC-6B3B5E8F1455}"
EndProject
Project("{8BC9CEB8-8B4A-11D0-8D11-00A0C91BC942}") = "05_Array", "05_Array\05_Array.vcxproj", "{E8C59BBC-4F98-47AC-BC9A-DEF82587A494}"
EndProject
Project("{8BC9CEB8-8B4A-11D0-8D11-00A0C91BC942}") = "06_char", "06_char\06_char.vcxproj", "{9F52D6A7-238F-4F60-A951-11F3196B6A24}"
EndProject
Project("{8BC9CEB8-8B4A-11D0-8D11-00A0C91BC942}") = "07_function", "07_function\07_function.vcxproj", "{CE5D4E17-499E-4B04-B050-57A87A44EFBA}"
EndProject
Project("{8BC9CEB8-8B4A-11D0-8D11-00A0C91BC942}") = "08_ASCII", "08_ASCII\08_ASCII.vcxproj", "{E8B1D5C0-B710-4E33-9C22-D9C5FF7453D9}"
EndProject
Project("{8BC9CEB8-8B4A-11D0-8D11-00A0C91BC942}") = "09_loop(while)", "09_loop(while)\09_loop(while).vcxproj", "{9F822620-308B-4949-B933-CD8866133D3B}"
EndProject
Project("{8BC9CEB8-8B4A-11D0-8D11-00A0C91BC942}") = "10_swap", "10_swap\10_swap.vcxproj", "{5ACE31CA-D113-4520-A23B-42A5C56B1FF6}"
EndProject
Project("{8BC9CEB8-8B4A-11D0-8D11-00A0C91BC942}") = "11_struct", "11_struct\11_struct.vcxproj", "{624B90B6-8F0E-41AF-9021-0B1B27AD4A53}"
EndProject
Project("{8BC9CEB8-8B4A-11D0-8D11-00A0C91BC942}") = "12_pointer", "12_pointer\12_pointer.vcxproj", "{233F5CFC-8F16-46B1-9E91-3C9B609F36B9}"
EndProject
Project("{8BC9CEB8-8B4A-11D0-8D11-00A0C91BC942}") = "13_flag", "13_flag\13_flag.vcxproj", "{ED7665A7-63EB-4E1E-AD01-5CEF427B7CBB}"
EndProject
Project("{8BC9CEB8-8B4A-11D0-8D11-00A0C91BC942}") = "14_string", "15_string\15_string.vcxproj", "{D38F4AE6-DF39-4E07-88D2-A78D01BEEAC4}"
EndProject
Project("{8BC9CEB8-8B4A-11D0-8D11-00A0C91BC942}") = "15_selectsort(알고리즘1)", "15_selectsort\15_selectsort.vcxproj", "{E87C5F9C-7B71-4368-824D-A9EE54C2EF8F}"
EndProject
Project("{8BC9CEB8-8B4A-11D0-8D11-00A0C91BC942}") = "19_class", "19_class\19_class.vcxproj", "{89B90A86-6C59-45B2-9190-CEBDAD4C2CEE}"
EndProject
Project("{8BC9CEB8-8B4A-11D0-8D11-00A0C91BC942}") = "20_dynamicAllocate", "20_dynamic\20_dynamic.vcxproj", "{6FFA0041-4EE9-46C0-81D8-0B06BE83068F}"
EndProject
Project("{8BC9CEB8-8B4A-11D0-8D11-00A0C91BC942}") = "16_Recursive(!)", "16_Recursive\16_Recursive.vcxproj", "{936EC2C2-D63C-4492-8AB0-F0E1A577B284}"
EndProject
Project("{8BC9CEB8-8B4A-11D0-8D11-00A0C91BC942}") = "17_Direct(!!)", "17_Direct\17_Direct.vcxproj", "{2299291D-66C3-4AB2-BD1C-5154A629574E}"
EndProject
Project("{8BC9CEB8-8B4A-11D0-8D11-00A0C91BC942}") = "18_DirectAddressTable(!!)", "18_DirectAddressTable\18_DirectAddressTable.vcxproj", "{92A49D0C-5992-4963-B5D2-0573E107D9FA}"
EndProject
Project("{8BC9CEB8-8B4A-11D0-8D11-00A0C91BC942}") = "20.5_string함수", "20.5_string함수\20.5_string함수.vcxproj", "{C80DF3ED-9FC3-42EF-9356-736C6DA59AE0}"
EndProject
Project("{8BC9CEB8-8B4A-11D0-8D11-00A0C91BC942}") = "16.5_Recursive1", "16.5_Recursive1\16.5_Recursive1.vcxproj", "{69C61766-1CF5-4A5D-8B04-1384FCF836B0}"
EndProject
Project("{8BC9CEB8-8B4A-11D0-8D11-00A0C91BC942}") = "21_Linkedlist(!!)", "21_Linkedlist\21_Linkedlist.vcxproj", "{4DB4E7E9-14D9-43EA-A588-96241C37FC62}"
EndProject
Project("{8BC9CEB8-8B4A-11D0-8D11-00A0C91BC942}") = "21.5_Linkedlist(fx)", "21.5_Linkedlist(fx)\21.5_Linkedlist(fx).vcxproj", "{79F033F4-BA4D-4D4E-A2D5-E7120B1CF103}"
EndProject
Project("{8BC9CEB8-8B4A-11D0-8D11-00A0C91BC942}") = "22_stack(개념)", "22_stack\22_stack.vcxproj", "{5D502D97-150A-4CA6-BCC8-3FF3D8470657}"
EndProject
Project("{8BC9CEB8-8B4A-11D0-8D11-00A0C91BC942}") = "23_que", "23_que\23_que.vcxproj", "{8D61E771-4754-4592-8EB5-BB61F860DB29}"
EndProject
Project("{8BC9CEB8-8B4A-11D0-8D11-00A0C91BC942}") = "24_memberfunction", "24_memberfunction\24_memberfunction.vcxproj", "{9E004D79-9EA6-4230-B239-2F2A678CAD92}"
EndProject
Project("{8BC9CEB8-8B4A-11D0-8D11-00A0C91BC942}") = "25.graph", "25.graph\25.graph.vcxproj", "{9C8C4B2F-11E2-40AB-A297-87471DB82086}"
EndProject
Project("{8BC9CEB8-8B4A-11D0-8D11-00A0C91BC942}") = "22.5_stack(구현!)", "22.5_stack(구현!)\22.5_stack(구현!).vcxproj", "{3A71D4D0-FFA2-41D2-9045-E6B03C7F6BBC}"
EndProject
Project("{8BC9CEB8-8B4A-11D0-8D11-00A0C91BC942}") = "26_Tree(DFS!)", "26_Tree\26_Tree.vcxproj", "{6075331F-593C-46A6-B192-EFED0CB4ACF8}"
EndProject
Project("{8BC9CEB8-8B4A-11D0-8D11-00A0C91BC942}") = "26.5_tree(BFS)", "26.5_tree(BFS)\26.5_tree(BFS).vcxproj", "{1C537E2A-146B-49A6-BBDE-B3F20923814D}"
EndProject
Project("{8BC9CEB8-8B4A-11D0-8D11-00A0C91BC942}") = "27.DFS_BFS(보완)", "27.DFS_BFS\27.DFS_BFS.vcxproj", "{C56CB68C-BAAF-4EFA-BF7F-4C22C0625645}"
EndProject
Project("{8BC9CEB8-8B4A-11D0-8D11-00A0C91BC942}") = "0.BFS(큐) 연습", "0.BFS(큐) 연습\0.BFS(큐) 연습.vcxproj", "{A2648473-5937-4D5D-B59B-98AF6C444023}"
EndProject
Project("{8BC9CEB8-8B4A-11D0-8D11-00A0C91BC942}") = "28_graphpath(dfs)", "28_graphpath\28_graphpath.vcxproj", "{54536932-3DD8-4769-91A1-36ABAE88BAAF}"
EndProject
Project("{8BC9CEB8-8B4A-11D0-8D11-00A0C91BC942}") = "28.5_graphpath(bfs)", "28.5_graphpath(bfs)\28.5_graphpath(bfs).vcxproj", "{40FD74F0-9DBD-42CF-8576-AD53E48DB3E7}"
EndProject
Project("{8BC9CEB8-8B4A-11D0-8D11-00A0C91BC942}") = "29_graphpath_minimuncost(dfs)", "29_graphpath_minimuncost\29_graphpath_minimuncost.vcxproj", "{5347BA66-3E36-4631-B0DD-3AC436565727}"
EndProject
Project("{8BC9CEB8-8B4A-11D0-8D11-00A0C91BC942}") = "29.5_graphpath_minimuncost(bfs)", "29.5_graphpath_minimuncost(bfs)\29.5_graphpath_minimuncost(bfs).vcxproj", "{A1C5F1DB-2060-4AB3-998F-2FFDF4A39334}"
EndProject
Project("{8BC9CEB8-8B4A-11D0-8D11-00A0C91BC942}") = "30_opratoroverroading", "30_opratoroverroading\30_opratoroverroading.vcxproj", "{42062419-77BA-45E9-9635-680AE0A6571F}"
EndProject
Project("{8BC9CEB8-8B4A-11D0-8D11-00A0C91BC942}") = "32_copyconstructor", "32_copyconstructor\32_copyconstructor.vcxproj", "{FA025ECA-6753-4F8B-8805-1C8E9522E1C6}"
EndProject
Project("{8BC9CEB8-8B4A-11D0-8D11-00A0C91BC942}") = "31_Inheritance", "31_Inheritanxe\31_Inheritanxe.vcxproj", "{FAD225A8-19BA-4F89-9348-7D6AB04F9B88}"
EndProject
Global
	GlobalSection(SolutionConfigurationPlatforms) = preSolution
		Debug|x64 = Debug|x64
		Debug|x86 = Debug|x86
		Release|x64 = Release|x64
		Release|x86 = Release|x86
	EndGlobalSection
	GlobalSection(ProjectConfigurationPlatforms) = postSolution
		{7CF03D24-F1B7-4FA5-BC86-DC2AE7CAE811}.Debug|x64.ActiveCfg = Debug|x64
		{7CF03D24-F1B7-4FA5-BC86-DC2AE7CAE811}.Debug|x64.Build.0 = Debug|x64
		{7CF03D24-F1B7-4FA5-BC86-DC2AE7CAE811}.Debug|x86.ActiveCfg = Debug|Win32
		{7CF03D24-F1B7-4FA5-BC86-DC2AE7CAE811}.Debug|x86.Build.0 = Debug|Win32
		{7CF03D24-F1B7-4FA5-BC86-DC2AE7CAE811}.Release|x64.ActiveCfg = Release|x64
		{7CF03D24-F1B7-4FA5-BC86-DC2AE7CAE811}.Release|x64.Build.0 = Release|x64
		{7CF03D24-F1B7-4FA5-BC86-DC2AE7CAE811}.Release|x86.ActiveCfg = Release|Win32
		{7CF03D24-F1B7-4FA5-BC86-DC2AE7CAE811}.Release|x86.Build.0 = Release|Win32
		{B84C7FE2-9310-4667-9EDC-A2B06EC5360D}.Debug|x64.ActiveCfg = Debug|x64
		{B84C7FE2-9310-4667-9EDC-A2B06EC5360D}.Debug|x64.Build.0 = Debug|x64
		{B84C7FE2-9310-4667-9EDC-A2B06EC5360D}.Debug|x86.ActiveCfg = Debug|Win32
		{B84C7FE2-9310-4667-9EDC-A2B06EC5360D}.Debug|x86.Build.0 = Debug|Win32
		{B84C7FE2-9310-4667-9EDC-A2B06EC5360D}.Release|x64.ActiveCfg = Release|x64
		{B84C7FE2-9310-4667-9EDC-A2B06EC5360D}.Release|x64.Build.0 = Release|x64
		{B84C7FE2-9310-4667-9EDC-A2B06EC5360D}.Release|x86.ActiveCfg = Release|Win32
		{B84C7FE2-9310-4667-9EDC-A2B06EC5360D}.Release|x86.Build.0 = Release|Win32
		{922B2414-B132-4A16-8441-C955BEBB5AD6}.Debug|x64.ActiveCfg = Debug|x64
		{922B2414-B132-4A16-8441-C955BEBB5AD6}.Debug|x64.Build.0 = Debug|x64
		{922B2414-B132-4A16-8441-C955BEBB5AD6}.Debug|x86.ActiveCfg = Debug|Win32
		{922B2414-B132-4A16-8441-C955BEBB5AD6}.Debug|x86.Build.0 = Debug|Win32
		{922B2414-B132-4A16-8441-C955BEBB5AD6}.Release|x64.ActiveCfg = Release|x64
		{922B2414-B132-4A16-8441-C955BEBB5AD6}.Release|x64.Build.0 = Release|x64
		{922B2414-B132-4A16-8441-C955BEBB5AD6}.Release|x86.ActiveCfg = Release|Win32
		{922B2414-B132-4A16-8441-C955BEBB5AD6}.Release|x86.Build.0 = Release|Win32
		{F4D711EE-5704-4D8D-9ECF-4077A96FDE70}.Debug|x64.ActiveCfg = Debug|x64
		{F4D711EE-5704-4D8D-9ECF-4077A96FDE70}.Debug|x64.Build.0 = Debug|x64
		{F4D711EE-5704-4D8D-9ECF-4077A96FDE70}.Debug|x86.ActiveCfg = Debug|Win32
		{F4D711EE-5704-4D8D-9ECF-4077A96FDE70}.Debug|x86.Build.0 = Debug|Win32
		{F4D711EE-5704-4D8D-9ECF-4077A96FDE70}.Release|x64.ActiveCfg = Release|x64
		{F4D711EE-5704-4D8D-9ECF-4077A96FDE70}.Release|x64.Build.0 = Release|x64
		{F4D711EE-5704-4D8D-9ECF-4077A96FDE70}.Release|x86.ActiveCfg = Release|Win32
		{F4D711EE-5704-4D8D-9ECF-4077A96FDE70}.Release|x86.Build.0 = Release|Win32
		{C22D0076-4AF2-4FF3-A1CC-6B3B5E8F1455}.Debug|x64.ActiveCfg = Debug|x64
		{C22D0076-4AF2-4FF3-A1CC-6B3B5E8F1455}.Debug|x64.Build.0 = Debug|x64
		{C22D0076-4AF2-4FF3-A1CC-6B3B5E8F1455}.Debug|x86.ActiveCfg = Debug|Win32
		{C22D0076-4AF2-4FF3-A1CC-6B3B5E8F1455}.Debug|x86.Build.0 = Debug|Win32
		{C22D0076-4AF2-4FF3-A1CC-6B3B5E8F1455}.Release|x64.ActiveCfg = Release|x64
		{C22D0076-4AF2-4FF3-A1CC-6B3B5E8F1455}.Release|x64.Build.0 = Release|x64
		{C22D0076-4AF2-4FF3-A1CC-6B3B5E8F1455}.Release|x86.ActiveCfg = Release|Win32
		{C22D0076-4AF2-4FF3-A1CC-6B3B5E8F1455}.Release|x86.Build.0 = Release|Win32
		{E8C59BBC-4F98-47AC-BC9A-DEF82587A494}.Debug|x64.ActiveCfg = Debug|x64
		{E8C59BBC-4F98-47AC-BC9A-DEF82587A494}.Debug|x64.Build.0 = Debug|x64
		{E8C59BBC-4F98-47AC-BC9A-DEF82587A494}.Debug|x86.ActiveCfg = Debug|Win32
		{E8C59BBC-4F98-47AC-BC9A-DEF82587A494}.Debug|x86.Build.0 = Debug|Win32
		{E8C59BBC-4F98-47AC-BC9A-DEF82587A494}.Release|x64.ActiveCfg = Release|x64
		{E8C59BBC-4F98-47AC-BC9A-DEF82587A494}.Release|x64.Build.0 = Release|x64
		{E8C59BBC-4F98-47AC-BC9A-DEF82587A494}.Release|x86.ActiveCfg = Release|Win32
		{E8C59BBC-4F98-47AC-BC9A-DEF82587A494}.Release|x86.Build.0 = Release|Win32
		{9F52D6A7-238F-4F60-A951-11F3196B6A24}.Debug|x64.ActiveCfg = Debug|x64
		{9F52D6A7-238F-4F60-A951-11F3196B6A24}.Debug|x64.Build.0 = Debug|x64
		{9F52D6A7-238F-4F60-A951-11F3196B6A24}.Debug|x86.ActiveCfg = Debug|Win32
		{9F52D6A7-238F-4F60-A951-11F3196B6A24}.Debug|x86.Build.0 = Debug|Win32
		{9F52D6A7-238F-4F60-A951-11F3196B6A24}.Release|x64.ActiveCfg = Release|x64
		{9F52D6A7-238F-4F60-A951-11F3196B6A24}.Release|x64.Build.0 = Release|x64
		{9F52D6A7-238F-4F60-A951-11F3196B6A24}.Release|x86.ActiveCfg = Release|Win32
		{9F52D6A7-238F-4F60-A951-11F3196B6A24}.Release|x86.Build.0 = Release|Win32
		{CE5D4E17-499E-4B04-B050-57A87A44EFBA}.Debug|x64.ActiveCfg = Debug|x64
		{CE5D4E17-499E-4B04-B050-57A87A44EFBA}.Debug|x64.Build.0 = Debug|x64
		{CE5D4E17-499E-4B04-B050-57A87A44EFBA}.Debug|x86.ActiveCfg = Debug|Win32
		{CE5D4E17-499E-4B04-B050-57A87A44EFBA}.Debug|x86.Build.0 = Debug|Win32
		{CE5D4E17-499E-4B04-B050-57A87A44EFBA}.Release|x64.ActiveCfg = Release|x64
		{CE5D4E17-499E-4B04-B050-57A87A44EFBA}.Release|x64.Build.0 = Release|x64
		{CE5D4E17-499E-4B04-B050-57A87A44EFBA}.Release|x86.ActiveCfg = Release|Win32
		{CE5D4E17-499E-4B04-B050-57A87A44EFBA}.Release|x86.Build.0 = Release|Win32
		{E8B1D5C0-B710-4E33-9C22-D9C5FF7453D9}.Debug|x64.ActiveCfg = Debug|x64
		{E8B1D5C0-B710-4E33-9C22-D9C5FF7453D9}.Debug|x64.Build.0 = Debug|x64
		{E8B1D5C0-B710-4E33-9C22-D9C5FF7453D9}.Debug|x86.ActiveCfg = Debug|Win32
		{E8B1D5C0-B710-4E33-9C22-D9C5FF7453D9}.Debug|x86.Build.0 = Debug|Win32
		{E8B1D5C0-B710-4E33-9C22-D9C5FF7453D9}.Release|x64.ActiveCfg = Release|x64
		{E8B1D5C0-B710-4E33-9C22-D9C5FF7453D9}.Release|x64.Build.0 = Release|x64
		{E8B1D5C0-B710-4E33-9C22-D9C5FF7453D9}.Release|x86.ActiveCfg = Release|Win32
		{E8B1D5C0-B710-4E33-9C22-D9C5FF7453D9}.Release|x86.Build.0 = Release|Win32
		{9F822620-308B-4949-B933-CD8866133D3B}.Debug|x64.ActiveCfg = Debug|x64
		{9F822620-308B-4949-B933-CD8866133D3B}.Debug|x64.Build.0 = Debug|x64
		{9F822620-308B-4949-B933-CD8866133D3B}.Debug|x86.ActiveCfg = Debug|Win32
		{9F822620-308B-4949-B933-CD8866133D3B}.Debug|x86.Build.0 = Debug|Win32
		{9F822620-308B-4949-B933-CD8866133D3B}.Release|x64.ActiveCfg = Release|x64
		{9F822620-308B-4949-B933-CD8866133D3B}.Release|x64.Build.0 = Release|x64
		{9F822620-308B-4949-B933-CD8866133D3B}.Release|x86.ActiveCfg = Release|Win32
		{9F822620-308B-4949-B933-CD8866133D3B}.Release|x86.Build.0 = Release|Win32
		{5ACE31CA-D113-4520-A23B-42A5C56B1FF6}.Debug|x64.ActiveCfg = Debug|x64
		{5ACE31CA-D113-4520-A23B-42A5C56B1FF6}.Debug|x64.Build.0 = Debug|x64
		{5ACE31CA-D113-4520-A23B-42A5C56B1FF6}.Debug|x86.ActiveCfg = Debug|Win32
		{5ACE31CA-D113-4520-A23B-42A5C56B1FF6}.Debug|x86.Build.0 = Debug|Win32
		{5ACE31CA-D113-4520-A23B-42A5C56B1FF6}.Release|x64.ActiveCfg = Release|x64
		{5ACE31CA-D113-4520-A23B-42A5C56B1FF6}.Release|x64.Build.0 = Release|x64
		{5ACE31CA-D113-4520-A23B-42A5C56B1FF6}.Release|x86.ActiveCfg = Release|Win32
		{5ACE31CA-D113-4520-A23B-42A5C56B1FF6}.Release|x86.Build.0 = Release|Win32
		{624B90B6-8F0E-41AF-9021-0B1B27AD4A53}.Debug|x64.ActiveCfg = Debug|x64
		{624B90B6-8F0E-41AF-9021-0B1B27AD4A53}.Debug|x64.Build.0 = Debug|x64
		{624B90B6-8F0E-41AF-9021-0B1B27AD4A53}.Debug|x86.ActiveCfg = Debug|Win32
		{624B90B6-8F0E-41AF-9021-0B1B27AD4A53}.Debug|x86.Build.0 = Debug|Win32
		{624B90B6-8F0E-41AF-9021-0B1B27AD4A53}.Release|x64.ActiveCfg = Release|x64
		{624B90B6-8F0E-41AF-9021-0B1B27AD4A53}.Release|x64.Build.0 = Release|x64
		{624B90B6-8F0E-41AF-9021-0B1B27AD4A53}.Release|x86.ActiveCfg = Release|Win32
		{624B90B6-8F0E-41AF-9021-0B1B27AD4A53}.Release|x86.Build.0 = Release|Win32
		{233F5CFC-8F16-46B1-9E91-3C9B609F36B9}.Debug|x64.ActiveCfg = Debug|x64
		{233F5CFC-8F16-46B1-9E91-3C9B609F36B9}.Debug|x64.Build.0 = Debug|x64
		{233F5CFC-8F16-46B1-9E91-3C9B609F36B9}.Debug|x86.ActiveCfg = Debug|Win32
		{233F5CFC-8F16-46B1-9E91-3C9B609F36B9}.Debug|x86.Build.0 = Debug|Win32
		{233F5CFC-8F16-46B1-9E91-3C9B609F36B9}.Release|x64.ActiveCfg = Release|x64
		{233F5CFC-8F16-46B1-9E91-3C9B609F36B9}.Release|x64.Build.0 = Release|x64
		{233F5CFC-8F16-46B1-9E91-3C9B609F36B9}.Release|x86.ActiveCfg = Release|Win32
		{233F5CFC-8F16-46B1-9E91-3C9B609F36B9}.Release|x86.Build.0 = Release|Win32
		{ED7665A7-63EB-4E1E-AD01-5CEF427B7CBB}.Debug|x64.ActiveCfg = Debug|x64
		{ED7665A7-63EB-4E1E-AD01-5CEF427B7CBB}.Debug|x64.Build.0 = Debug|x64
		{ED7665A7-63EB-4E1E-AD01-5CEF427B7CBB}.Debug|x86.ActiveCfg = Debug|Win32
		{ED7665A7-63EB-4E1E-AD01-5CEF427B7CBB}.Debug|x86.Build.0 = Debug|Win32
		{ED7665A7-63EB-4E1E-AD01-5CEF427B7CBB}.Release|x64.ActiveCfg = Release|x64
		{ED7665A7-63EB-4E1E-AD01-5CEF427B7CBB}.Release|x64.Build.0 = Release|x64
		{ED7665A7-63EB-4E1E-AD01-5CEF427B7CBB}.Release|x86.ActiveCfg = Release|Win32
		{ED7665A7-63EB-4E1E-AD01-5CEF427B7CBB}.Release|x86.Build.0 = Release|Win32
		{D38F4AE6-DF39-4E07-88D2-A78D01BEEAC4}.Debug|x64.ActiveCfg = Debug|x64
		{D38F4AE6-DF39-4E07-88D2-A78D01BEEAC4}.Debug|x64.Build.0 = Debug|x64
		{D38F4AE6-DF39-4E07-88D2-A78D01BEEAC4}.Debug|x86.ActiveCfg = Debug|Win32
		{D38F4AE6-DF39-4E07-88D2-A78D01BEEAC4}.Debug|x86.Build.0 = Debug|Win32
		{D38F4AE6-DF39-4E07-88D2-A78D01BEEAC4}.Release|x64.ActiveCfg = Release|x64
		{D38F4AE6-DF39-4E07-88D2-A78D01BEEAC4}.Release|x64.Build.0 = Release|x64
		{D38F4AE6-DF39-4E07-88D2-A78D01BEEAC4}.Release|x86.ActiveCfg = Release|Win32
		{D38F4AE6-DF39-4E07-88D2-A78D01BEEAC4}.Release|x86.Build.0 = Release|Win32
		{E87C5F9C-7B71-4368-824D-A9EE54C2EF8F}.Debug|x64.ActiveCfg = Debug|x64
		{E87C5F9C-7B71-4368-824D-A9EE54C2EF8F}.Debug|x64.Build.0 = Debug|x64
		{E87C5F9C-7B71-4368-824D-A9EE54C2EF8F}.Debug|x86.ActiveCfg = Debug|Win32
		{E87C5F9C-7B71-4368-824D-A9EE54C2EF8F}.Debug|x86.Build.0 = Debug|Win32
		{E87C5F9C-7B71-4368-824D-A9EE54C2EF8F}.Release|x64.ActiveCfg = Release|x64
		{E87C5F9C-7B71-4368-824D-A9EE54C2EF8F}.Release|x64.Build.0 = Release|x64
		{E87C5F9C-7B71-4368-824D-A9EE54C2EF8F}.Release|x86.ActiveCfg = Release|Win32
		{E87C5F9C-7B71-4368-824D-A9EE54C2EF8F}.Release|x86.Build.0 = Release|Win32
		{89B90A86-6C59-45B2-9190-CEBDAD4C2CEE}.Debug|x64.ActiveCfg = Debug|x64
		{89B90A86-6C59-45B2-9190-CEBDAD4C2CEE}.Debug|x64.Build.0 = Debug|x64
		{89B90A86-6C59-45B2-9190-CEBDAD4C2CEE}.Debug|x86.ActiveCfg = Debug|Win32
		{89B90A86-6C59-45B2-9190-CEBDAD4C2CEE}.Debug|x86.Build.0 = Debug|Win32
		{89B90A86-6C59-45B2-9190-CEBDAD4C2CEE}.Release|x64.ActiveCfg = Release|x64
		{89B90A86-6C59-45B2-9190-CEBDAD4C2CEE}.Release|x64.Build.0 = Release|x64
		{89B90A86-6C59-45B2-9190-CEBDAD4C2CEE}.Release|x86.ActiveCfg = Release|Win32
		{89B90A86-6C59-45B2-9190-CEBDAD4C2CEE}.Release|x86.Build.0 = Release|Win32
		{6FFA0041-4EE9-46C0-81D8-0B06BE83068F}.Debug|x64.ActiveCfg = Debug|x64
		{6FFA0041-4EE9-46C0-81D8-0B06BE83068F}.Debug|x64.Build.0 = Debug|x64
		{6FFA0041-4EE9-46C0-81D8-0B06BE83068F}.Debug|x86.ActiveCfg = Debug|Win32
		{6FFA0041-4EE9-46C0-81D8-0B06BE83068F}.Debug|x86.Build.0 = Debug|Win32
		{6FFA0041-4EE9-46C0-81D8-0B06BE83068F}.Release|x64.ActiveCfg = Release|x64
		{6FFA0041-4EE9-46C0-81D8-0B06BE83068F}.Release|x64.Build.0 = Release|x64
		{6FFA0041-4EE9-46C0-81D8-0B06BE83068F}.Release|x86.ActiveCfg = Release|Win32
		{6FFA0041-4EE9-46C0-81D8-0B06BE83068F}.Release|x86.Build.0 = Release|Win32
		{936EC2C2-D63C-4492-8AB0-F0E1A577B284}.Debug|x64.ActiveCfg = Debug|x64
		{936EC2C2-D63C-4492-8AB0-F0E1A577B284}.Debug|x64.Build.0 = Debug|x64
		{936EC2C2-D63C-4492-8AB0-F0E1A577B284}.Debug|x86.ActiveCfg = Debug|Win32
		{936EC2C2-D63C-4492-8AB0-F0E1A577B284}.Debug|x86.Build.0 = Debug|Win32
		{936EC2C2-D63C-4492-8AB0-F0E1A577B284}.Release|x64.ActiveCfg = Release|x64
		{936EC2C2-D63C-4492-8AB0-F0E1A577B284}.Release|x64.Build.0 = Release|x64
		{936EC2C2-D63C-4492-8AB0-F0E1A577B284}.Release|x86.ActiveCfg = Release|Win32
		{936EC2C2-D63C-4492-8AB0-F0E1A577B284}.Release|x86.Build.0 = Release|Win32
		{2299291D-66C3-4AB2-BD1C-5154A629574E}.Debug|x64.ActiveCfg = Debug|x64
		{2299291D-66C3-4AB2-BD1C-5154A629574E}.Debug|x64.Build.0 = Debug|x64
		{2299291D-66C3-4AB2-BD1C-5154A629574E}.Debug|x86.ActiveCfg = Debug|Win32
		{2299291D-66C3-4AB2-BD1C-5154A629574E}.Debug|x86.Build.0 = Debug|Win32
		{2299291D-66C3-4AB2-BD1C-5154A629574E}.Release|x64.ActiveCfg = Release|x64
		{2299291D-66C3-4AB2-BD1C-5154A629574E}.Release|x64.Build.0 = Release|x64
		{2299291D-66C3-4AB2-BD1C-5154A629574E}.Release|x86.ActiveCfg = Release|Win32
		{2299291D-66C3-4AB2-BD1C-5154A629574E}.Release|x86.Build.0 = Release|Win32
		{92A49D0C-5992-4963-B5D2-0573E107D9FA}.Debug|x64.ActiveCfg = Debug|x64
		{92A49D0C-5992-4963-B5D2-0573E107D9FA}.Debug|x64.Build.0 = Debug|x64
		{92A49D0C-5992-4963-B5D2-0573E107D9FA}.Debug|x86.ActiveCfg = Debug|Win32
		{92A49D0C-5992-4963-B5D2-0573E107D9FA}.Debug|x86.Build.0 = Debug|Win32
		{92A49D0C-5992-4963-B5D2-0573E107D9FA}.Release|x64.ActiveCfg = Release|x64
		{92A49D0C-5992-4963-B5D2-0573E107D9FA}.Release|x64.Build.0 = Release|x64
		{92A49D0C-5992-4963-B5D2-0573E107D9FA}.Release|x86.ActiveCfg = Release|Win32
		{92A49D0C-5992-4963-B5D2-0573E107D9FA}.Release|x86.Build.0 = Release|Win32
		{C80DF3ED-9FC3-42EF-9356-736C6DA59AE0}.Debug|x64.ActiveCfg = Debug|x64
		{C80DF3ED-9FC3-42EF-9356-736C6DA59AE0}.Debug|x64.Build.0 = Debug|x64
		{C80DF3ED-9FC3-42EF-9356-736C6DA59AE0}.Debug|x86.ActiveCfg = Debug|Win32
		{C80DF3ED-9FC3-42EF-9356-736C6DA59AE0}.Debug|x86.Build.0 = Debug|Win32
		{C80DF3ED-9FC3-42EF-9356-736C6DA59AE0}.Release|x64.ActiveCfg = Release|x64
		{C80DF3ED-9FC3-42EF-9356-736C6DA59AE0}.Release|x64.Build.0 = Release|x64
		{C80DF3ED-9FC3-42EF-9356-736C6DA59AE0}.Release|x86.ActiveCfg = Release|Win32
		{C80DF3ED-9FC3-42EF-9356-736C6DA59AE0}.Release|x86.Build.0 = Release|Win32
		{69C61766-1CF5-4A5D-8B04-1384FCF836B0}.Debug|x64.ActiveCfg = Debug|x64
		{69C61766-1CF5-4A5D-8B04-1384FCF836B0}.Debug|x64.Build.0 = Debug|x64
		{69C61766-1CF5-4A5D-8B04-1384FCF836B0}.Debug|x86.ActiveCfg = Debug|Win32
		{69C61766-1CF5-4A5D-8B04-1384FCF836B0}.Debug|x86.Build.0 = Debug|Win32
		{69C61766-1CF5-4A5D-8B04-1384FCF836B0}.Release|x64.ActiveCfg = Release|x64
		{69C61766-1CF5-4A5D-8B04-1384FCF836B0}.Release|x64.Build.0 = Release|x64
		{69C61766-1CF5-4A5D-8B04-1384FCF836B0}.Release|x86.ActiveCfg = Release|Win32
		{69C61766-1CF5-4A5D-8B04-1384FCF836B0}.Release|x86.Build.0 = Release|Win32
		{4DB4E7E9-14D9-43EA-A588-96241C37FC62}.Debug|x64.ActiveCfg = Debug|x64
		{4DB4E7E9-14D9-43EA-A588-96241C37FC62}.Debug|x64.Build.0 = Debug|x64
		{4DB4E7E9-14D9-43EA-A588-96241C37FC62}.Debug|x86.ActiveCfg = Debug|Win32
		{4DB4E7E9-14D9-43EA-A588-96241C37FC62}.Debug|x86.Build.0 = Debug|Win32
		{4DB4E7E9-14D9-43EA-A588-96241C37FC62}.Release|x64.ActiveCfg = Release|x64
		{4DB4E7E9-14D9-43EA-A588-96241C37FC62}.Release|x64.Build.0 = Release|x64
		{4DB4E7E9-14D9-43EA-A588-96241C37FC62}.Release|x86.ActiveCfg = Release|Win32
		{4DB4E7E9-14D9-43EA-A588-96241C37FC62}.Release|x86.Build.0 = Release|Win32
		{79F033F4-BA4D-4D4E-A2D5-E7120B1CF103}.Debug|x64.ActiveCfg = Debug|x64
		{79F033F4-BA4D-4D4E-A2D5-E7120B1CF103}.Debug|x64.Build.0 = Debug|x64
		{79F033F4-BA4D-4D4E-A2D5-E7120B1CF103}.Debug|x86.ActiveCfg = Debug|Win32
		{79F033F4-BA4D-4D4E-A2D5-E7120B1CF103}.Debug|x86.Build.0 = Debug|Win32
		{79F033F4-BA4D-4D4E-A2D5-E7120B1CF103}.Release|x64.ActiveCfg = Release|x64
		{79F033F4-BA4D-4D4E-A2D5-E7120B1CF103}.Release|x64.Build.0 = Release|x64
		{79F033F4-BA4D-4D4E-A2D5-E7120B1CF103}.Release|x86.ActiveCfg = Release|Win32
		{79F033F4-BA4D-4D4E-A2D5-E7120B1CF103}.Release|x86.Build.0 = Release|Win32
		{5D502D97-150A-4CA6-BCC8-3FF3D8470657}.Debug|x64.ActiveCfg = Debug|x64
		{5D502D97-150A-4CA6-BCC8-3FF3D8470657}.Debug|x64.Build.0 = Debug|x64
		{5D502D97-150A-4CA6-BCC8-3FF3D8470657}.Debug|x86.ActiveCfg = Debug|Win32
		{5D502D97-150A-4CA6-BCC8-3FF3D8470657}.Debug|x86.Build.0 = Debug|Win32
		{5D502D97-150A-4CA6-BCC8-3FF3D8470657}.Release|x64.ActiveCfg = Release|x64
		{5D502D97-150A-4CA6-BCC8-3FF3D8470657}.Release|x64.Build.0 = Release|x64
		{5D502D97-150A-4CA6-BCC8-3FF3D8470657}.Release|x86.ActiveCfg = Release|Win32
		{5D502D97-150A-4CA6-BCC8-3FF3D8470657}.Release|x86.Build.0 = Release|Win32
		{8D61E771-4754-4592-8EB5-BB61F860DB29}.Debug|x64.ActiveCfg = Debug|x64
		{8D61E771-4754-4592-8EB5-BB61F860DB29}.Debug|x64.Build.0 = Debug|x64
		{8D61E771-4754-4592-8EB5-BB61F860DB29}.Debug|x86.ActiveCfg = Debug|Win32
		{8D61E771-4754-4592-8EB5-BB61F860DB29}.Debug|x86.Build.0 = Debug|Win32
		{8D61E771-4754-4592-8EB5-BB61F860DB29}.Release|x64.ActiveCfg = Release|x64
		{8D61E771-4754-4592-8EB5-BB61F860DB29}.Release|x64.Build.0 = Release|x64
		{8D61E771-4754-4592-8EB5-BB61F860DB29}.Release|x86.ActiveCfg = Release|Win32
		{8D61E771-4754-4592-8EB5-BB61F860DB29}.Release|x86.Build.0 = Release|Win32
		{9E004D79-9EA6-4230-B239-2F2A678CAD92}.Debug|x64.ActiveCfg = Debug|x64
		{9E004D79-9EA6-4230-B239-2F2A678CAD92}.Debug|x64.Build.0 = Debug|x64
		{9E004D79-9EA6-4230-B239-2F2A678CAD92}.Debug|x86.ActiveCfg = Debug|Win32
		{9E004D79-9EA6-4230-B239-2F2A678CAD92}.Debug|x86.Build.0 = Debug|Win32
		{9E004D79-9EA6-4230-B239-2F2A678CAD92}.Release|x64.ActiveCfg = Release|x64
		{9E004D79-9EA6-4230-B239-2F2A678CAD92}.Release|x64.Build.0 = Release|x64
		{9E004D79-9EA6-4230-B239-2F2A678CAD92}.Release|x86.ActiveCfg = Release|Win32
		{9E004D79-9EA6-4230-B239-2F2A678CAD92}.Release|x86.Build.0 = Release|Win32
		{9C8C4B2F-11E2-40AB-A297-87471DB82086}.Debug|x64.ActiveCfg = Debug|x64
		{9C8C4B2F-11E2-40AB-A297-87471DB82086}.Debug|x64.Build.0 = Debug|x64
		{9C8C4B2F-11E2-40AB-A297-87471DB82086}.Debug|x86.ActiveCfg = Debug|Win32
		{9C8C4B2F-11E2-40AB-A297-87471DB82086}.Debug|x86.Build.0 = Debug|Win32
		{9C8C4B2F-11E2-40AB-A297-87471DB82086}.Release|x64.ActiveCfg = Release|x64
		{9C8C4B2F-11E2-40AB-A297-87471DB82086}.Release|x64.Build.0 = Release|x64
		{9C8C4B2F-11E2-40AB-A297-87471DB82086}.Release|x86.ActiveCfg = Release|Win32
		{9C8C4B2F-11E2-40AB-A297-87471DB82086}.Release|x86.Build.0 = Release|Win32
		{3A71D4D0-FFA2-41D2-9045-E6B03C7F6BBC}.Debug|x64.ActiveCfg = Debug|x64
		{3A71D4D0-FFA2-41D2-9045-E6B03C7F6BBC}.Debug|x64.Build.0 = Debug|x64
		{3A71D4D0-FFA2-41D2-9045-E6B03C7F6BBC}.Debug|x86.ActiveCfg = Debug|Win32
		{3A71D4D0-FFA2-41D2-9045-E6B03C7F6BBC}.Debug|x86.Build.0 = Debug|Win32
		{3A71D4D0-FFA2-41D2-9045-E6B03C7F6BBC}.Release|x64.ActiveCfg = Release|x64
		{3A71D4D0-FFA2-41D2-9045-E6B03C7F6BBC}.Release|x64.Build.0 = Release|x64
		{3A71D4D0-FFA2-41D2-9045-E6B03C7F6BBC}.Release|x86.ActiveCfg = Release|Win32
		{3A71D4D0-FFA2-41D2-9045-E6B03C7F6BBC}.Release|x86.Build.0 = Release|Win32
		{6075331F-593C-46A6-B192-EFED0CB4ACF8}.Debug|x64.ActiveCfg = Debug|x64
		{6075331F-593C-46A6-B192-EFED0CB4ACF8}.Debug|x64.Build.0 = Debug|x64
		{6075331F-593C-46A6-B192-EFED0CB4ACF8}.Debug|x86.ActiveCfg = Debug|Win32
		{6075331F-593C-46A6-B192-EFED0CB4ACF8}.Debug|x86.Build.0 = Debug|Win32
		{6075331F-593C-46A6-B192-EFED0CB4ACF8}.Release|x64.ActiveCfg = Release|x64
		{6075331F-593C-46A6-B192-EFED0CB4ACF8}.Release|x64.Build.0 = Release|x64
		{6075331F-593C-46A6-B192-EFED0CB4ACF8}.Release|x86.ActiveCfg = Release|Win32
		{6075331F-593C-46A6-B192-EFED0CB4ACF8}.Release|x86.Build.0 = Release|Win32
		{1C537E2A-146B-49A6-BBDE-B3F20923814D}.Debug|x64.ActiveCfg = Debug|x64
		{1C537E2A-146B-49A6-BBDE-B3F20923814D}.Debug|x64.Build.0 = Debug|x64
		{1C537E2A-146B-49A6-BBDE-B3F20923814D}.Debug|x86.ActiveCfg = Debug|Win32
		{1C537E2A-146B-49A6-BBDE-B3F20923814D}.Debug|x86.Build.0 = Debug|Win32
		{1C537E2A-146B-49A6-BBDE-B3F20923814D}.Release|x64.ActiveCfg = Release|x64
		{1C537E2A-146B-49A6-BBDE-B3F20923814D}.Release|x64.Build.0 = Release|x64
		{1C537E2A-146B-49A6-BBDE-B3F20923814D}.Release|x86.ActiveCfg = Release|Win32
		{1C537E2A-146B-49A6-BBDE-B3F20923814D}.Release|x86.Build.0 = Release|Win32
		{C56CB68C-BAAF-4EFA-BF7F-4C22C0625645}.Debug|x64.ActiveCfg = Debug|x64
		{C56CB68C-BAAF-4EFA-BF7F-4C22C0625645}.Debug|x64.Build.0 = Debug|x64
		{C56CB68C-BAAF-4EFA-BF7F-4C22C0625645}.Debug|x86.ActiveCfg = Debug|Win32
		{C56CB68C-BAAF-4EFA-BF7F-4C22C0625645}.Debug|x86.Build.0 = Debug|Win32
		{C56CB68C-BAAF-4EFA-BF7F-4C22C0625645}.Release|x64.ActiveCfg = Release|x64
		{C56CB68C-BAAF-4EFA-BF7F-4C22C0625645}.Release|x64.Build.0 = Release|x64
		{C56CB68C-BAAF-4EFA-BF7F-4C22C0625645}.Release|x86.ActiveCfg = Release|Win32
		{C56CB68C-BAAF-4EFA-BF7F-4C22C0625645}.Release|x86.Build.0 = Release|Win32
		{A2648473-5937-4D5D-B59B-98AF6C444023}.Debug|x64.ActiveCfg = Debug|x64
		{A2648473-5937-4D5D-B59B-98AF6C444023}.Debug|x64.Build.0 = Debug|x64
		{A2648473-5937-4D5D-B59B-98AF6C444023}.Debug|x86.ActiveCfg = Debug|Win32
		{A2648473-5937-4D5D-B59B-98AF6C444023}.Debug|x86.Build.0 = Debug|Win32
		{A2648473-5937-4D5D-B59B-98AF6C444023}.Release|x64.ActiveCfg = Release|x64
		{A2648473-5937-4D5D-B59B-98AF6C444023}.Release|x64.Build.0 = Release|x64
		{A2648473-5937-4D5D-B59B-98AF6C444023}.Release|x86.ActiveCfg = Release|Win32
		{A2648473-5937-4D5D-B59B-98AF6C444023}.Release|x86.Build.0 = Release|Win32
		{54536932-3DD8-4769-91A1-36ABAE88BAAF}.Debug|x64.ActiveCfg = Debug|x64
		{54536932-3DD8-4769-91A1-36ABAE88BAAF}.Debug|x64.Build.0 = Debug|x64
		{54536932-3DD8-4769-91A1-36ABAE88BAAF}.Debug|x86.ActiveCfg = Debug|Win32
		{54536932-3DD8-4769-91A1-36ABAE88BAAF}.Debug|x86.Build.0 = Debug|Win32
		{54536932-3DD8-4769-91A1-36ABAE88BAAF}.Release|x64.ActiveCfg = Release|x64
		{54536932-3DD8-4769-91A1-36ABAE88BAAF}.Release|x64.Build.0 = Release|x64
		{54536932-3DD8-4769-91A1-36ABAE88BAAF}.Release|x86.ActiveCfg = Release|Win32
		{54536932-3DD8-4769-91A1-36ABAE88BAAF}.Release|x86.Build.0 = Release|Win32
		{40FD74F0-9DBD-42CF-8576-AD53E48DB3E7}.Debug|x64.ActiveCfg = Debug|x64
		{40FD74F0-9DBD-42CF-8576-AD53E48DB3E7}.Debug|x64.Build.0 = Debug|x64
		{40FD74F0-9DBD-42CF-8576-AD53E48DB3E7}.Debug|x86.ActiveCfg = Debug|Win32
		{40FD74F0-9DBD-42CF-8576-AD53E48DB3E7}.Debug|x86.Build.0 = Debug|Win32
		{40FD74F0-9DBD-42CF-8576-AD53E48DB3E7}.Release|x64.ActiveCfg = Release|x64
		{40FD74F0-9DBD-42CF-8576-AD53E48DB3E7}.Release|x64.Build.0 = Release|x64
		{40FD74F0-9DBD-42CF-8576-AD53E48DB3E7}.Release|x86.ActiveCfg = Release|Win32
		{40FD74F0-9DBD-42CF-8576-AD53E48DB3E7}.Release|x86.Build.0 = Release|Win32
		{5347BA66-3E36-4631-B0DD-3AC436565727}.Debug|x64.ActiveCfg = Debug|x64
		{5347BA66-3E36-4631-B0DD-3AC436565727}.Debug|x64.Build.0 = Debug|x64
		{5347BA66-3E36-4631-B0DD-3AC436565727}.Debug|x86.ActiveCfg = Debug|Win32
		{5347BA66-3E36-4631-B0DD-3AC436565727}.Debug|x86.Build.0 = Debug|Win32
		{5347BA66-3E36-4631-B0DD-3AC436565727}.Release|x64.ActiveCfg = Release|x64
		{5347BA66-3E36-4631-B0DD-3AC436565727}.Release|x64.Build.0 = Release|x64
		{5347BA66-3E36-4631-B0DD-3AC436565727}.Release|x86.ActiveCfg = Release|Win32
		{5347BA66-3E36-4631-B0DD-3AC436565727}.Release|x86.Build.0 = Release|Win32
		{A1C5F1DB-2060-4AB3-998F-2FFDF4A39334}.Debug|x64.ActiveCfg = Debug|x64
		{A1C5F1DB-2060-4AB3-998F-2FFDF4A39334}.Debug|x64.Build.0 = Debug|x64
		{A1C5F1DB-2060-4AB3-998F-2FFDF4A39334}.Debug|x86.ActiveCfg = Debug|Win32
		{A1C5F1DB-2060-4AB3-998F-2FFDF4A39334}.Debug|x86.Build.0 = Debug|Win32
		{A1C5F1DB-2060-4AB3-998F-2FFDF4A39334}.Release|x64.ActiveCfg = Release|x64
		{A1C5F1DB-2060-4AB3-998F-2FFDF4A39334}.Release|x64.Build.0 = Release|x64
		{A1C5F1DB-2060-4AB3-998F-2FFDF4A39334}.Release|x86.ActiveCfg = Release|Win32
		{A1C5F1DB-2060-4AB3-998F-2FFDF4A39334}.Release|x86.Build.0 = Release|Win32
		{42062419-77BA-45E9-9635-680AE0A6571F}.Debug|x64.ActiveCfg = Debug|x64
		{42062419-77BA-45E9-9635-680AE0A6571F}.Debug|x64.Build.0 = Debug|x64
		{42062419-77BA-45E9-9635-680AE0A6571F}.Debug|x86.ActiveCfg = Debug|Win32
		{42062419-77BA-45E9-9635-680AE0A6571F}.Debug|x86.Build.0 = Debug|Win32
		{42062419-77BA-45E9-9635-680AE0A6571F}.Release|x64.ActiveCfg = Release|x64
		{42062419-77BA-45E9-9635-680AE0A6571F}.Release|x64.Build.0 = Release|x64
		{42062419-77BA-45E9-9635-680AE0A6571F}.Release|x86.ActiveCfg = Release|Win32
		{42062419-77BA-45E9-9635-680AE0A6571F}.Release|x86.Build.0 = Release|Win32
		{FA025ECA-6753-4F8B-8805-1C8E9522E1C6}.Debug|x64.ActiveCfg = Debug|x64
		{FA025ECA-6753-4F8B-8805-1C8E9522E1C6}.Debug|x64.Build.0 = Debug|x64
		{FA025ECA-6753-4F8B-8805-1C8E9522E1C6}.Debug|x86.ActiveCfg = Debug|Win32
		{FA025ECA-6753-4F8B-8805-1C8E9522E1C6}.Debug|x86.Build.0 = Debug|Win32
		{FA025ECA-6753-4F8B-8805-1C8E9522E1C6}.Release|x64.ActiveCfg = Release|x64
		{FA025ECA-6753-4F8B-8805-1C8E9522E1C6}.Release|x64.Build.0 = Release|x64
		{FA025ECA-6753-4F8B-8805-1C8E9522E1C6}.Release|x86.ActiveCfg = Release|Win32
		{FA025ECA-6753-4F8B-8805-1C8E9522E1C6}.Release|x86.Build.0 = Release|Win32
		{FAD225A8-19BA-4F89-9348-7D6AB04F9B88}.Debug|x64.ActiveCfg = Debug|x64
		{FAD225A8-19BA-4F89-9348-7D6AB04F9B88}.Debug|x64.Build.0 = Debug|x64
		{FAD225A8-19BA-4F89-9348-7D6AB04F9B88}.Debug|x86.ActiveCfg = Debug|Win32
		{FAD225A8-19BA-4F89-9348-7D6AB04F9B88}.Debug|x86.Build.0 = Debug|Win32
		{FAD225A8-19BA-4F89-9348-7D6AB04F9B88}.Release|x64.ActiveCfg = Release|x64
		{FAD225A8-19BA-4F89-9348-7D6AB04F9B88}.Release|x64.Build.0 = Release|x64
		{FAD225A8-19BA-4F89-9348-7D6AB04F9B88}.Release|x86.ActiveCfg = Release|Win32
		{FAD225A8-19BA-4F89-9348-7D6AB04F9B88}.Release|x86.Build.0 = Release|Win32
	EndGlobalSection
	GlobalSection(SolutionProperties) = preSolution
		HideSolutionNode = FALSE
	EndGlobalSection
	GlobalSection(NestedProjects) = preSolution
		{922B2414-B132-4A16-8441-C955BEBB5AD6} = {4B6BDE16-9A00-41AB-82E1-D6A6798E51D7}
	EndGlobalSection
	GlobalSection(ExtensibilityGlobals) = postSolution
		SolutionGuid = {AD6F0E84-BA9D-4F1A-A787-BB46516133A5}
	EndGlobalSection
EndGlobal
